// !$*UTF8*$!
{
	archiveVersion = 1;
	classes = {
	};
	objectVersion = 51;
	objects = {

/* Begin PBXBuildFile section */
		0C2683C8233F9F59F7FB1923 /* Pods_InstagramCloneFB.framework in Frameworks */ = {isa = PBXBuildFile; fileRef = E72ACB225F5D54BED244DEAA /* Pods_InstagramCloneFB.framework */; };
		C822EB16254C6C0000D725DD /* GoogleService-Info.plist in Resources */ = {isa = PBXBuildFile; fileRef = C822EB15254C6C0000D725DD /* GoogleService-Info.plist */; };
		C87F8F39254DFA6600EE310C /* FeedViewController.swift in Sources */ = {isa = PBXBuildFile; fileRef = C87F8F38254DFA6600EE310C /* FeedViewController.swift */; };
		C87F8F3B254DFA7A00EE310C /* UploadViewController.swift in Sources */ = {isa = PBXBuildFile; fileRef = C87F8F3A254DFA7A00EE310C /* UploadViewController.swift */; };
		C87F8F3D254DFA8A00EE310C /* SettingViewController.swift in Sources */ = {isa = PBXBuildFile; fileRef = C87F8F3C254DFA8A00EE310C /* SettingViewController.swift */; };
		C8B62BA1254ADC06004C8F37 /* AppDelegate.swift in Sources */ = {isa = PBXBuildFile; fileRef = C8B62BA0254ADC06004C8F37 /* AppDelegate.swift */; };
		C8B62BA3254ADC06004C8F37 /* SceneDelegate.swift in Sources */ = {isa = PBXBuildFile; fileRef = C8B62BA2254ADC06004C8F37 /* SceneDelegate.swift */; };
		C8B62BA5254ADC06004C8F37 /* ViewController.swift in Sources */ = {isa = PBXBuildFile; fileRef = C8B62BA4254ADC06004C8F37 /* ViewController.swift */; };
		C8B62BA8254ADC06004C8F37 /* Main.storyboard in Resources */ = {isa = PBXBuildFile; fileRef = C8B62BA6254ADC06004C8F37 /* Main.storyboard */; };
		C8B62BAA254ADC07004C8F37 /* Assets.xcassets in Resources */ = {isa = PBXBuildFile; fileRef = C8B62BA9254ADC07004C8F37 /* Assets.xcassets */; };
		C8B62BAD254ADC07004C8F37 /* LaunchScreen.storyboard in Resources */ = {isa = PBXBuildFile; fileRef = C8B62BAB254ADC07004C8F37 /* LaunchScreen.storyboard */; };
/* End PBXBuildFile section */

/* Begin PBXFileReference section */
		18639C9644E44D7CAFE7470A /* Pods-InstagramCloneFB.debug.xcconfig */ = {isa = PBXFileReference; includeInIndex = 1; lastKnownFileType = text.xcconfig; name = "Pods-InstagramCloneFB.debug.xcconfig"; path = "Target Support Files/Pods-InstagramCloneFB/Pods-InstagramCloneFB.debug.xcconfig"; sourceTree = "<group>"; };
		88357E849E6AF84298B8298F /* Pods-InstagramCloneFB.release.xcconfig */ = {isa = PBXFileReference; includeInIndex = 1; lastKnownFileType = text.xcconfig; name = "Pods-InstagramCloneFB.release.xcconfig"; path = "Target Support Files/Pods-InstagramCloneFB/Pods-InstagramCloneFB.release.xcconfig"; sourceTree = "<group>"; };
		C822EB15254C6C0000D725DD /* GoogleService-Info.plist */ = {isa = PBXFileReference; fileEncoding = 4; lastKnownFileType = text.plist.xml; path = "GoogleService-Info.plist"; sourceTree = "<group>"; };
		C87F8F38254DFA6600EE310C /* FeedViewController.swift */ = {isa = PBXFileReference; lastKnownFileType = sourcecode.swift; path = FeedViewController.swift; sourceTree = "<group>"; };
		C87F8F3A254DFA7A00EE310C /* UploadViewController.swift */ = {isa = PBXFileReference; lastKnownFileType = sourcecode.swift; path = UploadViewController.swift; sourceTree = "<group>"; };
		C87F8F3C254DFA8A00EE310C /* SettingViewController.swift */ = {isa = PBXFileReference; lastKnownFileType = sourcecode.swift; path = SettingViewController.swift; sourceTree = "<group>"; };
		C8B62B9D254ADC06004C8F37 /* InstagramCloneFB.app */ = {isa = PBXFileReference; explicitFileType = wrapper.application; includeInIndex = 0; path = InstagramCloneFB.app; sourceTree = BUILT_PRODUCTS_DIR; };
		C8B62BA0254ADC06004C8F37 /* AppDelegate.swift */ = {isa = PBXFileReference; lastKnownFileType = sourcecode.swift; path = AppDelegate.swift; sourceTree = "<group>"; };
		C8B62BA2254ADC06004C8F37 /* SceneDelegate.swift */ = {isa = PBXFileReference; lastKnownFileType = sourcecode.swift; path = SceneDelegate.swift; sourceTree = "<group>"; };
		C8B62BA4254ADC06004C8F37 /* ViewController.swift */ = {isa = PBXFileReference; lastKnownFileType = sourcecode.swift; path = ViewController.swift; sourceTree = "<group>"; };
		C8B62BA7254ADC06004C8F37 /* Base */ = {isa = PBXFileReference; lastKnownFileType = file.storyboard; name = Base; path = Base.lproj/Main.storyboard; sourceTree = "<group>"; };
		C8B62BA9254ADC07004C8F37 /* Assets.xcassets */ = {isa = PBXFileReference; lastKnownFileType = folder.assetcatalog; path = Assets.xcassets; sourceTree = "<group>"; };
		C8B62BAC254ADC07004C8F37 /* Base */ = {isa = PBXFileReference; lastKnownFileType = file.storyboard; name = Base; path = Base.lproj/LaunchScreen.storyboard; sourceTree = "<group>"; };
		C8B62BAE254ADC07004C8F37 /* Info.plist */ = {isa = PBXFileReference; lastKnownFileType = text.plist.xml; path = Info.plist; sourceTree = "<group>"; };
		E72ACB225F5D54BED244DEAA /* Pods_InstagramCloneFB.framework */ = {isa = PBXFileReference; explicitFileType = wrapper.framework; includeInIndex = 0; path = Pods_InstagramCloneFB.framework; sourceTree = BUILT_PRODUCTS_DIR; };
/* End PBXFileReference section */

/* Begin PBXFrameworksBuildPhase section */
		C8B62B9A254ADC06004C8F37 /* Frameworks */ = {
			isa = PBXFrameworksBuildPhase;
			buildActionMask = 2147483647;
			files = (
				0C2683C8233F9F59F7FB1923 /* Pods_InstagramCloneFB.framework in Frameworks */,
			);
			runOnlyForDeploymentPostprocessing = 0;
		};
/* End PBXFrameworksBuildPhase section */

/* Begin PBXGroup section */
		8749E6D18023E03BCD05FBD0 /* Frameworks */ = {
			isa = PBXGroup;
			children = (
				E72ACB225F5D54BED244DEAA /* Pods_InstagramCloneFB.framework */,
			);
			name = Frameworks;
			sourceTree = "<group>";
		};
		C4C53287DC7FB0616258808B /* Pods */ = {
			isa = PBXGroup;
			children = (
				18639C9644E44D7CAFE7470A /* Pods-InstagramCloneFB.debug.xcconfig */,
				88357E849E6AF84298B8298F /* Pods-InstagramCloneFB.release.xcconfig */,
			);
			path = Pods;
			sourceTree = "<group>";
		};
		C8B62B94254ADC06004C8F37 = {
			isa = PBXGroup;
			children = (
				C8B62B9F254ADC06004C8F37 /* InstagramCloneFB */,
				C8B62B9E254ADC06004C8F37 /* Products */,
				C4C53287DC7FB0616258808B /* Pods */,
				8749E6D18023E03BCD05FBD0 /* Frameworks */,
			);
			sourceTree = "<group>";
		};
		C8B62B9E254ADC06004C8F37 /* Products */ = {
			isa = PBXGroup;
			children = (
				C8B62B9D254ADC06004C8F37 /* InstagramCloneFB.app */,
			);
			name = Products;
			sourceTree = "<group>";
		};
		C8B62B9F254ADC06004C8F37 /* InstagramCloneFB */ = {
			isa = PBXGroup;
			children = (
				C8B62BA0254ADC06004C8F37 /* AppDelegate.swift */,
				C8B62BA2254ADC06004C8F37 /* SceneDelegate.swift */,
				C8B62BA4254ADC06004C8F37 /* ViewController.swift */,
				C87F8F38254DFA6600EE310C /* FeedViewController.swift */,
				C87F8F3A254DFA7A00EE310C /* UploadViewController.swift */,
				C87F8F3C254DFA8A00EE310C /* SettingViewController.swift */,
				C8B62BA6254ADC06004C8F37 /* Main.storyboard */,
				C8B62BA9254ADC07004C8F37 /* Assets.xcassets */,
				C8B62BAB254ADC07004C8F37 /* LaunchScreen.storyboard */,
				C8B62BAE254ADC07004C8F37 /* Info.plist */,
				C822EB15254C6C0000D725DD /* GoogleService-Info.plist */,
			);
			path = InstagramCloneFB;
			sourceTree = "<group>";
		};
/* End PBXGroup section */

/* Begin PBXNativeTarget section */
		C8B62B9C254ADC06004C8F37 /* InstagramCloneFB */ = {
			isa = PBXNativeTarget;
			buildConfigurationList = C8B62BB1254ADC07004C8F37 /* Build configuration list for PBXNativeTarget "InstagramCloneFB" */;
			buildPhases = (
				598923B62F5948999E747282 /* [CP] Check Pods Manifest.lock */,
				C8B62B99254ADC06004C8F37 /* Sources */,
				C8B62B9A254ADC06004C8F37 /* Frameworks */,
				C8B62B9B254ADC06004C8F37 /* Resources */,
				819401572C1E3FBF0406F5FC /* [CP] Embed Pods Frameworks */,
			);
			buildRules = (
			);
			dependencies = (
			);
			name = InstagramCloneFB;
			productName = InstagramCloneFB;
			productReference = C8B62B9D254ADC06004C8F37 /* InstagramCloneFB.app */;
			productType = "com.apple.product-type.application";
		};
/* End PBXNativeTarget section */

/* Begin PBXProject section */
		C8B62B95254ADC06004C8F37 /* Project object */ = {
			isa = PBXProject;
			attributes = {
				LastSwiftUpdateCheck = 1160;
				LastUpgradeCheck = 1160;
				ORGANIZATIONNAME = "Mahammad Jafarli";
				TargetAttributes = {
					C8B62B9C254ADC06004C8F37 = {
						CreatedOnToolsVersion = 11.6;
					};
				};
			};
			buildConfigurationList = C8B62B98254ADC06004C8F37 /* Build configuration list for PBXProject "InstagramCloneFB" */;
			compatibilityVersion = "Xcode 9.3";
			developmentRegion = en;
			hasScannedForEncodings = 0;
			knownRegions = (
				en,
				Base,
			);
			mainGroup = C8B62B94254ADC06004C8F37;
			productRefGroup = C8B62B9E254ADC06004C8F37 /* Products */;
			projectDirPath = "";
			projectRoot = "";
			targets = (
				C8B62B9C254ADC06004C8F37 /* InstagramCloneFB */,
			);
		};
/* End PBXProject section */

/* Begin PBXResourcesBuildPhase section */
		C8B62B9B254ADC06004C8F37 /* Resources */ = {
			isa = PBXResourcesBuildPhase;
			buildActionMask = 2147483647;
			files = (
				C8B62BAD254ADC07004C8F37 /* LaunchScreen.storyboard in Resources */,
				C822EB16254C6C0000D725DD /* GoogleService-Info.plist in Resources */,
				C8B62BAA254ADC07004C8F37 /* Assets.xcassets in Resources */,
				C8B62BA8254ADC06004C8F37 /* Main.storyboard in Resources */,
			);
			runOnlyForDeploymentPostprocessing = 0;
		};
/* End PBXResourcesBuildPhase section */

/* Begin PBXShellScriptBuildPhase section */
		598923B62F5948999E747282 /* [CP] Check Pods Manifest.lock */ = {
			isa = PBXShellScriptBuildPhase;
			buildActionMask = 2147483647;
			files = (
			);
			inputFileListPaths = (
			);
			inputPaths = (
				"${PODS_PODFILE_DIR_PATH}/Podfile.lock",
				"${PODS_ROOT}/Manifest.lock",
			);
			name = "[CP] Check Pods Manifest.lock";
			outputFileListPaths = (
			);
			outputPaths = (
				"$(DERIVED_FILE_DIR)/Pods-InstagramCloneFB-checkManifestLockResult.txt",
			);
			runOnlyForDeploymentPostprocessing = 0;
			shellPath = /bin/sh;
			shellScript = "diff \"${PODS_PODFILE_DIR_PATH}/Podfile.lock\" \"${PODS_ROOT}/Manifest.lock\" > /dev/null\nif [ $? != 0 ] ; then\n    # print error to STDERR\n    echo \"error: The sandbox is not in sync with the Podfile.lock. Run 'pod install' or update your CocoaPods installation.\" >&2\n    exit 1\nfi\n# This output is used by Xcode 'outputs' to avoid re-running this script phase.\necho \"SUCCESS\" > \"${SCRIPT_OUTPUT_FILE_0}\"\n";
			showEnvVarsInLog = 0;
		};
		819401572C1E3FBF0406F5FC /* [CP] Embed Pods Frameworks */ = {
			isa = PBXShellScriptBuildPhase;
			buildActionMask = 2147483647;
			files = (
			);
			inputFileListPaths = (
				"${PODS_ROOT}/Target Support Files/Pods-InstagramCloneFB/Pods-InstagramCloneFB-frameworks-${CONFIGURATION}-input-files.xcfilelist",
			);
			name = "[CP] Embed Pods Frameworks";
			outputFileListPaths = (
				"${PODS_ROOT}/Target Support Files/Pods-InstagramCloneFB/Pods-InstagramCloneFB-frameworks-${CONFIGURATION}-output-files.xcfilelist",
			);
			runOnlyForDeploymentPostprocessing = 0;
			shellPath = /bin/sh;
			shellScript = "\"${PODS_ROOT}/Target Support Files/Pods-InstagramCloneFB/Pods-InstagramCloneFB-frameworks.sh\"\n";
			showEnvVarsInLog = 0;
		};
/* End PBXShellScriptBuildPhase section */

/* Begin PBXSourcesBuildPhase section */
		C8B62B99254ADC06004C8F37 /* Sources */ = {
			isa = PBXSourcesBuildPhase;
			buildActionMask = 2147483647;
			files = (
				C8B62BA5254ADC06004C8F37 /* ViewController.swift in Sources */,
				C87F8F3B254DFA7A00EE310C /* UploadViewController.swift in Sources */,
				C8B62BA1254ADC06004C8F37 /* AppDelegate.swift in Sources */,
				C87F8F39254DFA6600EE310C /* FeedViewController.swift in Sources */,
				C8B62BA3254ADC06004C8F37 /* SceneDelegate.swift in Sources */,
				C87F8F3D254DFA8A00EE310C /* SettingViewController.swift in Sources */,
			);
			runOnlyForDeploymentPostprocessing = 0;
		};
/* End PBXSourcesBuildPhase section */

/* Begin PBXVariantGroup section */
		C8B62BA6254ADC06004C8F37 /* Main.storyboard */ = {
			isa = PBXVariantGroup;
			children = (
				C8B62BA7254ADC06004C8F37 /* Base */,
			);
			name = Main.storyboard;
			sourceTree = "<group>";
		};
		C8B62BAB254ADC07004C8F37 /* LaunchScreen.storyboard */ = {
			isa = PBXVariantGroup;
			children = (
				C8B62BAC254ADC07004C8F37 /* Base */,
			);
			name = LaunchScreen.storyboard;
			sourceTree = "<group>";
		};
/* End PBXVariantGroup section */

/* Begin XCBuildConfiguration section */
		C8B62BAF254ADC07004C8F37 /* Debug */ = {
			isa = XCBuildConfiguration;
			buildSettings = {
				ALWAYS_SEARCH_USER_PATHS = NO;
				CLANG_ANALYZER_NONNULL = YES;
				CLANG_ANALYZER_NUMBER_OBJECT_CONVERSION = YES_AGGRESSIVE;
				CLANG_CXX_LANGUAGE_STANDARD = "gnu++14";
				CLANG_CXX_LIBRARY = "libc++";
				CLANG_ENABLE_MODULES = YES;
				CLANG_ENABLE_OBJC_ARC = YES;
				CLANG_ENABLE_OBJC_WEAK = YES;
				CLANG_WARN_BLOCK_CAPTURE_AUTORELEASING = YES;
				CLANG_WARN_BOOL_CONVERSION = YES;
				CLANG_WARN_COMMA = YES;
				CLANG_WARN_CONSTANT_CONVERSION = YES;
				CLANG_WARN_DEPRECATED_OBJC_IMPLEMENTATIONS = YES;
				CLANG_WARN_DIRECT_OBJC_ISA_USAGE = YES_ERROR;
				CLANG_WARN_DOCUMENTATION_COMMENTS = YES;
				CLANG_WARN_EMPTY_BODY = YES;
				CLANG_WARN_ENUM_CONVERSION = YES;
				CLANG_WARN_INFINITE_RECURSION = YES;
				CLANG_WARN_INT_CONVERSION = YES;
				CLANG_WARN_NON_LITERAL_NULL_CONVERSION = YES;
				CLANG_WARN_OBJC_IMPLICIT_RETAIN_SELF = YES;
				CLANG_WARN_OBJC_LITERAL_CONVERSION = YES;
				CLANG_WARN_OBJC_ROOT_CLASS = YES_ERROR;
				CLANG_WARN_RANGE_LOOP_ANALYSIS = YES;
				CLANG_WARN_STRICT_PROTOTYPES = YES;
				CLANG_WARN_SUSPICIOUS_MOVE = YES;
				CLANG_WARN_UNGUARDED_AVAILABILITY = YES_AGGRESSIVE;
				CLANG_WARN_UNREACHABLE_CODE = YES;
				CLANG_WARN__DUPLICATE_METHOD_MATCH = YES;
				COPY_PHASE_STRIP = NO;
				DEBUG_INFORMATION_FORMAT = dwarf;
				ENABLE_STRICT_OBJC_MSGSEND = YES;
				ENABLE_TESTABILITY = YES;
				GCC_C_LANGUAGE_STANDARD = gnu11;
				GCC_DYNAMIC_NO_PIC = NO;
				GCC_NO_COMMON_BLOCKS = YES;
				GCC_OPTIMIZATION_LEVEL = 0;
				GCC_PREPROCESSOR_DEFINITIONS = (
					"DEBUG=1",
					"$(inherited)",
				);
				GCC_WARN_64_TO_32_BIT_CONVERSION = YES;
				GCC_WARN_ABOUT_RETURN_TYPE = YES_ERROR;
				GCC_WARN_UNDECLARED_SELECTOR = YES;
				GCC_WARN_UNINITIALIZED_AUTOS = YES_AGGRESSIVE;
				GCC_WARN_UNUSED_FUNCTION = YES;
				GCC_WARN_UNUSED_VARIABLE = YES;
				IPHONEOS_DEPLOYMENT_TARGET = 13.6;
				MTL_ENABLE_DEBUG_INFO = INCLUDE_SOURCE;
				MTL_FAST_MATH = YES;
				ONLY_ACTIVE_ARCH = YES;
				SDKROOT = iphoneos;
				SWIFT_ACTIVE_COMPILATION_CONDITIONS = DEBUG;
				SWIFT_OPTIMIZATION_LEVEL = "-Onone";
			};
			name = Debug;
		};
		C8B62BB0254ADC07004C8F37 /* Release */ = {
			isa = XCBuildConfiguration;
			buildSettings = {
				ALWAYS_SEARCH_USER_PATHS = NO;
				CLANG_ANALYZER_NONNULL = YES;
				CLANG_ANALYZER_NUMBER_OBJECT_CONVERSION = YES_AGGRESSIVE;
				CLANG_CXX_LANGUAGE_STANDARD = "gnu++14";
				CLANG_CXX_LIBRARY = "libc++";
				CLANG_ENABLE_MODULES = YES;
				CLANG_ENABLE_OBJC_ARC = YES;
				CLANG_ENABLE_OBJC_WEAK = YES;
				CLANG_WARN_BLOCK_CAPTURE_AUTORELEASING = YES;
				CLANG_WARN_BOOL_CONVERSION = YES;
				CLANG_WARN_COMMA = YES;
				CLANG_WARN_CONSTANT_CONVERSION = YES;
				CLANG_WARN_DEPRECATED_OBJC_IMPLEMENTATIONS = YES;
				CLANG_WARN_DIRECT_OBJC_ISA_USAGE = YES_ERROR;
				CLANG_WARN_DOCUMENTATION_COMMENTS = YES;
				CLANG_WARN_EMPTY_BODY = YES;
				CLANG_WARN_ENUM_CONVERSION = YES;
				CLANG_WARN_INFINITE_RECURSION = YES;
				CLANG_WARN_INT_CONVERSION = YES;
				CLANG_WARN_NON_LITERAL_NULL_CONVERSION = YES;
				CLANG_WARN_OBJC_IMPLICIT_RETAIN_SELF = YES;
				CLANG_WARN_OBJC_LITERAL_CONVERSION = YES;
				CLANG_WARN_OBJC_ROOT_CLASS = YES_ERROR;
				CLANG_WARN_RANGE_LOOP_ANALYSIS = YES;
				CLANG_WARN_STRICT_PROTOTYPES = YES;
				CLANG_WARN_SUSPICIOUS_MOVE = YES;
				CLANG_WARN_UNGUARDED_AVAILABILITY = YES_AGGRESSIVE;
				CLANG_WARN_UNREACHABLE_CODE = YES;
				CLANG_WARN__DUPLICATE_METHOD_MATCH = YES;
				COPY_PHASE_STRIP = NO;
				DEBUG_INFORMATION_FORMAT = "dwarf-with-dsym";
				ENABLE_NS_ASSERTIONS = NO;
				ENABLE_STRICT_OBJC_MSGSEND = YES;
				GCC_C_LANGUAGE_STANDARD = gnu11;
				GCC_NO_COMMON_BLOCKS = YES;
				GCC_WARN_64_TO_32_BIT_CONVERSION = YES;
				GCC_WARN_ABOUT_RETURN_TYPE = YES_ERROR;
				GCC_WARN_UNDECLARED_SELECTOR = YES;
				GCC_WARN_UNINITIALIZED_AUTOS = YES_AGGRESSIVE;
				GCC_WARN_UNUSED_FUNCTION = YES;
				GCC_WARN_UNUSED_VARIABLE = YES;
				IPHONEOS_DEPLOYMENT_TARGET = 13.6;
				MTL_ENABLE_DEBUG_INFO = NO;
				MTL_FAST_MATH = YES;
				SDKROOT = iphoneos;
				SWIFT_COMPILATION_MODE = wholemodule;
				SWIFT_OPTIMIZATION_LEVEL = "-O";
				VALIDATE_PRODUCT = YES;
			};
			name = Release;
		};
		C8B62BB2254ADC07004C8F37 /* Debug */ = {
			isa = XCBuildConfiguration;
			baseConfigurationReference = 18639C9644E44D7CAFE7470A /* Pods-InstagramCloneFB.debug.xcconfig */;
			buildSettings = {
				ASSETCATALOG_COMPILER_APPICON_NAME = AppIcon;
				CODE_SIGN_STYLE = Automatic;
				INFOPLIST_FILE = InstagramCloneFB/Info.plist;
				LD_RUNPATH_SEARCH_PATHS = (
					"$(inherited)",
					"@executable_path/Frameworks",
				);
				PRODUCT_BUNDLE_IDENTIFIER = com.mahammadjafarli.InstagramCloneFB;
				PRODUCT_NAME = "$(TARGET_NAME)";
				SWIFT_VERSION = 5.0;
				TARGETED_DEVICE_FAMILY = "1,2";
			};
			name = Debug;
		};
		C8B62BB3254ADC07004C8F37 /* Release */ = {
			isa = XCBuildConfiguration;
			baseConfigurationReference = 88357E849E6AF84298B8298F /* Pods-InstagramCloneFB.release.xcconfig */;
			buildSettings = {
				ASSETCATALOG_COMPILER_APPICON_NAME = AppIcon;
				CODE_SIGN_STYLE = Automatic;
				INFOPLIST_FILE = InstagramCloneFB/Info.plist;
				LD_RUNPATH_SEARCH_PATHS = (
					"$(inherited)",
					"@executable_path/Frameworks",
				);
				PRODUCT_BUNDLE_IDENTIFIER = com.mahammadjafarli.InstagramCloneFB;
				PRODUCT_NAME = "$(TARGET_NAME)";
				SWIFT_VERSION = 5.0;
				TARGETED_DEVICE_FAMILY = "1,2";
			};
			name = Release;
		};
/* End XCBuildConfiguration section */

/* Begin XCConfigurationList section */
		C8B62B98254ADC06004C8F37 /* Build configuration list for PBXProject "InstagramCloneFB" */ = {
			isa = XCConfigurationList;
			buildConfigurations = (
				C8B62BAF254ADC07004C8F37 /* Debug */,
				C8B62BB0254ADC07004C8F37 /* Release */,
			);
			defaultConfigurationIsVisible = 0;
			defaultConfigurationName = Release;
		};
		C8B62BB1254ADC07004C8F37 /* Build configuration list for PBXNativeTarget "InstagramCloneFB" */ = {
			isa = XCConfigurationList;
			buildConfigurations = (
				C8B62BB2254ADC07004C8F37 /* Debug */,
				C8B62BB3254ADC07004C8F37 /* Release */,
			);
			defaultConfigurationIsVisible = 0;
			defaultConfigurationName = Release;
		};
/* End XCConfigurationList section */
	};
	rootObject = C8B62B95254ADC06004C8F37 /* Project object */;
}
